// !$*UTF8*$!
{
	archiveVersion = 1;
	classes = {
	};
	objectVersion = 55;
	objects = {

/* Begin PBXBuildFile section */
		8612D9892882989E003E0441 /* UIVIew+.swift in Sources */ = {isa = PBXBuildFile; fileRef = 8612D9882882989E003E0441 /* UIVIew+.swift */; };
		8612D9972882BF6D003E0441 /* HomeRepository.swift in Sources */ = {isa = PBXBuildFile; fileRef = 8612D9962882BF6D003E0441 /* HomeRepository.swift */; };
		8612D99A2882BFAD003E0441 /* DefaultHomeRepository.swift in Sources */ = {isa = PBXBuildFile; fileRef = 8612D9992882BFAD003E0441 /* DefaultHomeRepository.swift */; };
		8612D99C2882C008003E0441 /* HomeUseCase.swift in Sources */ = {isa = PBXBuildFile; fileRef = 8612D99B2882C008003E0441 /* HomeUseCase.swift */; };
		8616BA49288264A000950CB1 /* AppCoordinator.swift in Sources */ = {isa = PBXBuildFile; fileRef = 8616BA48288264A000950CB1 /* AppCoordinator.swift */; };
		8616BA4E28826B0400950CB1 /* FavoritesViewController.swift in Sources */ = {isa = PBXBuildFile; fileRef = 8616BA4D28826B0400950CB1 /* FavoritesViewController.swift */; };
		8616BA5028826B0800950CB1 /* FavoritesViewModel.swift in Sources */ = {isa = PBXBuildFile; fileRef = 8616BA4F28826B0800950CB1 /* FavoritesViewModel.swift */; };
		8616BA5228826B5600950CB1 /* HomeCoordinator.swift in Sources */ = {isa = PBXBuildFile; fileRef = 8616BA5128826B5600950CB1 /* HomeCoordinator.swift */; };
		8616BA5428826B5D00950CB1 /* FavoritesCoordinator.swift in Sources */ = {isa = PBXBuildFile; fileRef = 8616BA5328826B5D00950CB1 /* FavoritesCoordinator.swift */; };
		8616BA572882835500950CB1 /* BannerListCell.swift in Sources */ = {isa = PBXBuildFile; fileRef = 8616BA562882835500950CB1 /* BannerListCell.swift */; };
		8616BA592882847700950CB1 /* GoodsCell.swift in Sources */ = {isa = PBXBuildFile; fileRef = 8616BA582882847700950CB1 /* GoodsCell.swift */; };
		8616BA5C2882877500950CB1 /* APIProvider.swift in Sources */ = {isa = PBXBuildFile; fileRef = 8616BA5B2882877500950CB1 /* APIProvider.swift */; };
		8616BA5E2882883800950CB1 /* GoodsAPI.swift in Sources */ = {isa = PBXBuildFile; fileRef = 8616BA5D2882883800950CB1 /* GoodsAPI.swift */; };
		8616BA6128828A2900950CB1 /* Banner.swift in Sources */ = {isa = PBXBuildFile; fileRef = 8616BA6028828A2900950CB1 /* Banner.swift */; };
		8616BA6328828A5F00950CB1 /* Item.swift in Sources */ = {isa = PBXBuildFile; fileRef = 8616BA6228828A5F00950CB1 /* Item.swift */; };
		8616BA65288294F500950CB1 /* BannerCell.swift in Sources */ = {isa = PBXBuildFile; fileRef = 8616BA64288294F500950CB1 /* BannerCell.swift */; };
		8628E14228824CD400019C8E /* AppDelegate.swift in Sources */ = {isa = PBXBuildFile; fileRef = 8628E14128824CD400019C8E /* AppDelegate.swift */; };
		8628E14428824CD400019C8E /* SceneDelegate.swift in Sources */ = {isa = PBXBuildFile; fileRef = 8628E14328824CD400019C8E /* SceneDelegate.swift */; };
		8628E14628824CD400019C8E /* HomeViewController.swift in Sources */ = {isa = PBXBuildFile; fileRef = 8628E14528824CD400019C8E /* HomeViewController.swift */; };
		8628E14B28824CD400019C8E /* Assets.xcassets in Resources */ = {isa = PBXBuildFile; fileRef = 8628E14A28824CD400019C8E /* Assets.xcassets */; };
		8628E14E28824CD400019C8E /* LaunchScreen.storyboard in Resources */ = {isa = PBXBuildFile; fileRef = 8628E14C28824CD400019C8E /* LaunchScreen.storyboard */; };
		8628E17E28825CEF00019C8E /* Coordinator.swift in Sources */ = {isa = PBXBuildFile; fileRef = 8628E17D28825CEF00019C8E /* Coordinator.swift */; };
		8628E18028825D5800019C8E /* ViewModelType.swift in Sources */ = {isa = PBXBuildFile; fileRef = 8628E17F28825D5800019C8E /* ViewModelType.swift */; };
		8628E18328825DAA00019C8E /* BaseViewController.swift in Sources */ = {isa = PBXBuildFile; fileRef = 8628E18228825DAA00019C8E /* BaseViewController.swift */; };
		8628E18628825E7500019C8E /* UICollectionView+.swift in Sources */ = {isa = PBXBuildFile; fileRef = 8628E18528825E7500019C8E /* UICollectionView+.swift */; };
		8628E18928825EEB00019C8E /* GlobalConstant.swift in Sources */ = {isa = PBXBuildFile; fileRef = 8628E18828825EEB00019C8E /* GlobalConstant.swift */; };
		8628E18B28825F8400019C8E /* ObservableConvertibleType+.swift in Sources */ = {isa = PBXBuildFile; fileRef = 8628E18A28825F8400019C8E /* ObservableConvertibleType+.swift */; };
		8628E18F28825FF200019C8E /* UIViewController+.swift in Sources */ = {isa = PBXBuildFile; fileRef = 8628E18E28825FF200019C8E /* UIViewController+.swift */; };
		8628E1912882602B00019C8E /* Array+.swift in Sources */ = {isa = PBXBuildFile; fileRef = 8628E1902882602B00019C8E /* Array+.swift */; };
		8628E1972882613E00019C8E /* HomeViewModel.swift in Sources */ = {isa = PBXBuildFile; fileRef = 8628E1962882613E00019C8E /* HomeViewModel.swift */; };
		869EE71C2883C95A000496BA /* PersistentStorage.swift in Sources */ = {isa = PBXBuildFile; fileRef = 869EE71B2883C95A000496BA /* PersistentStorage.swift */; };
		869EE71E2883D3D7000496BA /* FavoriteUseCase.swift in Sources */ = {isa = PBXBuildFile; fileRef = 869EE71D2883D3D7000496BA /* FavoriteUseCase.swift */; };
		86D9F10D2883F4A100A6E967 /* LocalStorable.swift in Sources */ = {isa = PBXBuildFile; fileRef = 86D9F10C2883F4A100A6E967 /* LocalStorable.swift */; };
		86D9F10F2883F6AD00A6E967 /* CGSIze+.swift in Sources */ = {isa = PBXBuildFile; fileRef = 86D9F10E2883F6AD00A6E967 /* CGSIze+.swift */; };
		A9E3E33156D3BC1D715D681E /* Pods_testApp.framework in Frameworks */ = {isa = PBXBuildFile; fileRef = A12243F7225F1CEBC654A77E /* Pods_testApp.framework */; };
/* End PBXBuildFile section */

/* Begin PBXFileReference section */
		5EDA9162DD299FEF54AFAE27 /* Pods-testApp.debug.xcconfig */ = {isa = PBXFileReference; includeInIndex = 1; lastKnownFileType = text.xcconfig; name = "Pods-testApp.debug.xcconfig"; path = "Target Support Files/Pods-testApp/Pods-testApp.debug.xcconfig"; sourceTree = "<group>"; };
		8612D9882882989E003E0441 /* UIVIew+.swift */ = {isa = PBXFileReference; lastKnownFileType = sourcecode.swift; path = "UIVIew+.swift"; sourceTree = "<group>"; };
		8612D9962882BF6D003E0441 /* HomeRepository.swift */ = {isa = PBXFileReference; lastKnownFileType = sourcecode.swift; path = HomeRepository.swift; sourceTree = "<group>"; };
		8612D9992882BFAD003E0441 /* DefaultHomeRepository.swift */ = {isa = PBXFileReference; lastKnownFileType = sourcecode.swift; path = DefaultHomeRepository.swift; sourceTree = "<group>"; };
		8612D99B2882C008003E0441 /* HomeUseCase.swift */ = {isa = PBXFileReference; lastKnownFileType = sourcecode.swift; path = HomeUseCase.swift; sourceTree = "<group>"; };
		8616BA48288264A000950CB1 /* AppCoordinator.swift */ = {isa = PBXFileReference; lastKnownFileType = sourcecode.swift; path = AppCoordinator.swift; sourceTree = "<group>"; };
		8616BA4D28826B0400950CB1 /* FavoritesViewController.swift */ = {isa = PBXFileReference; lastKnownFileType = sourcecode.swift; path = FavoritesViewController.swift; sourceTree = "<group>"; };
		8616BA4F28826B0800950CB1 /* FavoritesViewModel.swift */ = {isa = PBXFileReference; lastKnownFileType = sourcecode.swift; path = FavoritesViewModel.swift; sourceTree = "<group>"; };
		8616BA5128826B5600950CB1 /* HomeCoordinator.swift */ = {isa = PBXFileReference; lastKnownFileType = sourcecode.swift; path = HomeCoordinator.swift; sourceTree = "<group>"; };
		8616BA5328826B5D00950CB1 /* FavoritesCoordinator.swift */ = {isa = PBXFileReference; lastKnownFileType = sourcecode.swift; path = FavoritesCoordinator.swift; sourceTree = "<group>"; };
		8616BA562882835500950CB1 /* BannerListCell.swift */ = {isa = PBXFileReference; lastKnownFileType = sourcecode.swift; path = BannerListCell.swift; sourceTree = "<group>"; };
		8616BA582882847700950CB1 /* GoodsCell.swift */ = {isa = PBXFileReference; lastKnownFileType = sourcecode.swift; path = GoodsCell.swift; sourceTree = "<group>"; };
		8616BA5B2882877500950CB1 /* APIProvider.swift */ = {isa = PBXFileReference; lastKnownFileType = sourcecode.swift; path = APIProvider.swift; sourceTree = "<group>"; };
		8616BA5D2882883800950CB1 /* GoodsAPI.swift */ = {isa = PBXFileReference; lastKnownFileType = sourcecode.swift; path = GoodsAPI.swift; sourceTree = "<group>"; };
		8616BA6028828A2900950CB1 /* Banner.swift */ = {isa = PBXFileReference; lastKnownFileType = sourcecode.swift; path = Banner.swift; sourceTree = "<group>"; };
		8616BA6228828A5F00950CB1 /* Item.swift */ = {isa = PBXFileReference; lastKnownFileType = sourcecode.swift; path = Item.swift; sourceTree = "<group>"; };
		8616BA64288294F500950CB1 /* BannerCell.swift */ = {isa = PBXFileReference; lastKnownFileType = sourcecode.swift; path = BannerCell.swift; sourceTree = "<group>"; };
		8628E13E28824CD400019C8E /* testApp.app */ = {isa = PBXFileReference; explicitFileType = wrapper.application; includeInIndex = 0; path = testApp.app; sourceTree = BUILT_PRODUCTS_DIR; };
		8628E14128824CD400019C8E /* AppDelegate.swift */ = {isa = PBXFileReference; lastKnownFileType = sourcecode.swift; path = AppDelegate.swift; sourceTree = "<group>"; };
		8628E14328824CD400019C8E /* SceneDelegate.swift */ = {isa = PBXFileReference; lastKnownFileType = sourcecode.swift; path = SceneDelegate.swift; sourceTree = "<group>"; };
		8628E14528824CD400019C8E /* HomeViewController.swift */ = {isa = PBXFileReference; lastKnownFileType = sourcecode.swift; path = HomeViewController.swift; sourceTree = "<group>"; };
		8628E14A28824CD400019C8E /* Assets.xcassets */ = {isa = PBXFileReference; lastKnownFileType = folder.assetcatalog; path = Assets.xcassets; sourceTree = "<group>"; };
		8628E14D28824CD400019C8E /* Base */ = {isa = PBXFileReference; lastKnownFileType = file.storyboard; name = Base; path = Base.lproj/LaunchScreen.storyboard; sourceTree = "<group>"; };
		8628E14F28824CD400019C8E /* Info.plist */ = {isa = PBXFileReference; lastKnownFileType = text.plist.xml; path = Info.plist; sourceTree = "<group>"; };
		8628E17D28825CEF00019C8E /* Coordinator.swift */ = {isa = PBXFileReference; lastKnownFileType = sourcecode.swift; path = Coordinator.swift; sourceTree = "<group>"; };
		8628E17F28825D5800019C8E /* ViewModelType.swift */ = {isa = PBXFileReference; lastKnownFileType = sourcecode.swift; path = ViewModelType.swift; sourceTree = "<group>"; };
		8628E18228825DAA00019C8E /* BaseViewController.swift */ = {isa = PBXFileReference; lastKnownFileType = sourcecode.swift; path = BaseViewController.swift; sourceTree = "<group>"; };
		8628E18528825E7500019C8E /* UICollectionView+.swift */ = {isa = PBXFileReference; lastKnownFileType = sourcecode.swift; path = "UICollectionView+.swift"; sourceTree = "<group>"; };
		8628E18828825EEB00019C8E /* GlobalConstant.swift */ = {isa = PBXFileReference; lastKnownFileType = sourcecode.swift; path = GlobalConstant.swift; sourceTree = "<group>"; };
		8628E18A28825F8400019C8E /* ObservableConvertibleType+.swift */ = {isa = PBXFileReference; lastKnownFileType = sourcecode.swift; path = "ObservableConvertibleType+.swift"; sourceTree = "<group>"; };
		8628E18E28825FF200019C8E /* UIViewController+.swift */ = {isa = PBXFileReference; lastKnownFileType = sourcecode.swift; path = "UIViewController+.swift"; sourceTree = "<group>"; };
		8628E1902882602B00019C8E /* Array+.swift */ = {isa = PBXFileReference; lastKnownFileType = sourcecode.swift; path = "Array+.swift"; sourceTree = "<group>"; };
		8628E1962882613E00019C8E /* HomeViewModel.swift */ = {isa = PBXFileReference; lastKnownFileType = sourcecode.swift; path = HomeViewModel.swift; sourceTree = "<group>"; };
		869EE71B2883C95A000496BA /* PersistentStorage.swift */ = {isa = PBXFileReference; lastKnownFileType = sourcecode.swift; path = PersistentStorage.swift; sourceTree = "<group>"; };
		869EE71D2883D3D7000496BA /* FavoriteUseCase.swift */ = {isa = PBXFileReference; lastKnownFileType = sourcecode.swift; path = FavoriteUseCase.swift; sourceTree = "<group>"; };
		86D9F10C2883F4A100A6E967 /* LocalStorable.swift */ = {isa = PBXFileReference; lastKnownFileType = sourcecode.swift; path = LocalStorable.swift; sourceTree = "<group>"; };
		86D9F10E2883F6AD00A6E967 /* CGSIze+.swift */ = {isa = PBXFileReference; lastKnownFileType = sourcecode.swift; path = "CGSIze+.swift"; sourceTree = "<group>"; };
		92F89495CE79BAB22E09696D /* Pods-testApp.release.xcconfig */ = {isa = PBXFileReference; includeInIndex = 1; lastKnownFileType = text.xcconfig; name = "Pods-testApp.release.xcconfig"; path = "Target Support Files/Pods-testApp/Pods-testApp.release.xcconfig"; sourceTree = "<group>"; };
		A12243F7225F1CEBC654A77E /* Pods_testApp.framework */ = {isa = PBXFileReference; explicitFileType = wrapper.framework; includeInIndex = 0; path = Pods_testApp.framework; sourceTree = BUILT_PRODUCTS_DIR; };
/* End PBXFileReference section */

/* Begin PBXFrameworksBuildPhase section */
		8628E13B28824CD300019C8E /* Frameworks */ = {
			isa = PBXFrameworksBuildPhase;
			buildActionMask = 2147483647;
			files = (
				A9E3E33156D3BC1D715D681E /* Pods_testApp.framework in Frameworks */,
			);
			runOnlyForDeploymentPostprocessing = 0;
		};
/* End PBXFrameworksBuildPhase section */

/* Begin PBXGroup section */
		2124C4C37BAB28C9EB8DC102 /* Pods */ = {
			isa = PBXGroup;
			children = (
				5EDA9162DD299FEF54AFAE27 /* Pods-testApp.debug.xcconfig */,
				92F89495CE79BAB22E09696D /* Pods-testApp.release.xcconfig */,
			);
			path = Pods;
			sourceTree = "<group>";
		};
		8612D98A2882A052003E0441 /* Data */ = {
			isa = PBXGroup;
			children = (
				8616BA5A2882876F00950CB1 /* Network */,
				8612D9982882BF92003E0441 /* Repository */,
			);
			path = Data;
			sourceTree = "<group>";
		};
		8612D98B2882A067003E0441 /* Domain */ = {
			isa = PBXGroup;
			children = (
				8612D9952882BF27003E0441 /* Interfaces */,
				8612D9942882BF22003E0441 /* UseCases */,
				8616BA5F28828A2200950CB1 /* Entities */,
			);
			path = Domain;
			sourceTree = "<group>";
		};
		8612D9942882BF22003E0441 /* UseCases */ = {
			isa = PBXGroup;
			children = (
				8612D99B2882C008003E0441 /* HomeUseCase.swift */,
				869EE71D2883D3D7000496BA /* FavoriteUseCase.swift */,
			);
			path = UseCases;
			sourceTree = "<group>";
		};
		8612D9952882BF27003E0441 /* Interfaces */ = {
			isa = PBXGroup;
			children = (
				8612D9962882BF6D003E0441 /* HomeRepository.swift */,
				86D9F10C2883F4A100A6E967 /* LocalStorable.swift */,
			);
			path = Interfaces;
			sourceTree = "<group>";
		};
		8612D9982882BF92003E0441 /* Repository */ = {
			isa = PBXGroup;
			children = (
				8612D9992882BFAD003E0441 /* DefaultHomeRepository.swift */,
				869EE71B2883C95A000496BA /* PersistentStorage.swift */,
			);
			path = Repository;
			sourceTree = "<group>";
		};
		8616BA4A28826AE300950CB1 /* Favorites */ = {
			isa = PBXGroup;
			children = (
				8616BA5328826B5D00950CB1 /* FavoritesCoordinator.swift */,
				8616BA4B28826AE900950CB1 /* Views */,
				8616BA4C28826AF400950CB1 /* ViewModels */,
			);
			path = Favorites;
			sourceTree = "<group>";
		};
		8616BA4B28826AE900950CB1 /* Views */ = {
			isa = PBXGroup;
			children = (
				8616BA4D28826B0400950CB1 /* FavoritesViewController.swift */,
			);
			path = Views;
			sourceTree = "<group>";
		};
		8616BA4C28826AF400950CB1 /* ViewModels */ = {
			isa = PBXGroup;
			children = (
				8616BA4F28826B0800950CB1 /* FavoritesViewModel.swift */,
			);
			path = ViewModels;
			sourceTree = "<group>";
		};
		8616BA552882834700950CB1 /* Cells */ = {
			isa = PBXGroup;
			children = (
				8616BA562882835500950CB1 /* BannerListCell.swift */,
				8616BA582882847700950CB1 /* GoodsCell.swift */,
				8616BA64288294F500950CB1 /* BannerCell.swift */,
			);
			path = Cells;
			sourceTree = "<group>";
		};
		8616BA5A2882876F00950CB1 /* Network */ = {
			isa = PBXGroup;
			children = (
				8616BA5B2882877500950CB1 /* APIProvider.swift */,
				8616BA5D2882883800950CB1 /* GoodsAPI.swift */,
			);
			path = Network;
			sourceTree = "<group>";
		};
		8616BA5F28828A2200950CB1 /* Entities */ = {
			isa = PBXGroup;
			children = (
				8616BA6028828A2900950CB1 /* Banner.swift */,
				8616BA6228828A5F00950CB1 /* Item.swift */,
			);
			path = Entities;
			sourceTree = "<group>";
		};
		8628E13528824CD300019C8E = {
			isa = PBXGroup;
			children = (
				8628E14028824CD400019C8E /* testApp */,
				8628E13F28824CD400019C8E /* Products */,
				2124C4C37BAB28C9EB8DC102 /* Pods */,
				95ED97EAF74261932CCF6B61 /* Frameworks */,
			);
			sourceTree = "<group>";
		};
		8628E13F28824CD400019C8E /* Products */ = {
			isa = PBXGroup;
			children = (
				8628E13E28824CD400019C8E /* testApp.app */,
			);
			name = Products;
			sourceTree = "<group>";
		};
		8628E14028824CD400019C8E /* testApp */ = {
			isa = PBXGroup;
			children = (
				8628E17728825C4800019C8E /* App */,
				8628E17928825C7E00019C8E /* Sources */,
				8628E18428825E5B00019C8E /* Extensions */,
				8628E14A28824CD400019C8E /* Assets.xcassets */,
				8628E14C28824CD400019C8E /* LaunchScreen.storyboard */,
				8628E14F28824CD400019C8E /* Info.plist */,
			);
			path = testApp;
			sourceTree = "<group>";
		};
		8628E17728825C4800019C8E /* App */ = {
			isa = PBXGroup;
			children = (
				8628E14128824CD400019C8E /* AppDelegate.swift */,
				8628E14328824CD400019C8E /* SceneDelegate.swift */,
			);
			path = App;
			sourceTree = "<group>";
		};
		8628E17928825C7E00019C8E /* Sources */ = {
			isa = PBXGroup;
			children = (
				8628E18728825ED500019C8E /* Common */,
				8612D98B2882A067003E0441 /* Domain */,
				8612D98A2882A052003E0441 /* Data */,
				8628E17A28825C8D00019C8E /* Presentation */,
			);
			path = Sources;
			sourceTree = "<group>";
		};
		8628E17A28825C8D00019C8E /* Presentation */ = {
			isa = PBXGroup;
			children = (
				8616BA48288264A000950CB1 /* AppCoordinator.swift */,
				8628E1922882611900019C8E /* Home */,
				8616BA4A28826AE300950CB1 /* Favorites */,
			);
			path = Presentation;
			sourceTree = "<group>";
		};
		8628E17B28825CE500019C8E /* Base */ = {
			isa = PBXGroup;
			children = (
				8628E18128825DA500019C8E /* View */,
				8628E17C28825CEA00019C8E /* Protocol */,
			);
			path = Base;
			sourceTree = "<group>";
		};
		8628E17C28825CEA00019C8E /* Protocol */ = {
			isa = PBXGroup;
			children = (
				8628E17D28825CEF00019C8E /* Coordinator.swift */,
				8628E17F28825D5800019C8E /* ViewModelType.swift */,
			);
			path = Protocol;
			sourceTree = "<group>";
		};
		8628E18128825DA500019C8E /* View */ = {
			isa = PBXGroup;
			children = (
				8628E18228825DAA00019C8E /* BaseViewController.swift */,
			);
			path = View;
			sourceTree = "<group>";
		};
		8628E18428825E5B00019C8E /* Extensions */ = {
			isa = PBXGroup;
			children = (
				8628E18528825E7500019C8E /* UICollectionView+.swift */,
				8628E18A28825F8400019C8E /* ObservableConvertibleType+.swift */,
				8628E18E28825FF200019C8E /* UIViewController+.swift */,
				8628E1902882602B00019C8E /* Array+.swift */,
				8612D9882882989E003E0441 /* UIVIew+.swift */,
				86D9F10E2883F6AD00A6E967 /* CGSIze+.swift */,
			);
			path = Extensions;
			sourceTree = "<group>";
		};
		8628E18728825ED500019C8E /* Common */ = {
			isa = PBXGroup;
			children = (
				8628E17B28825CE500019C8E /* Base */,
				8628E18828825EEB00019C8E /* GlobalConstant.swift */,
			);
			path = Common;
			sourceTree = "<group>";
		};
		8628E1922882611900019C8E /* Home */ = {
			isa = PBXGroup;
			children = (
				8616BA5128826B5600950CB1 /* HomeCoordinator.swift */,
				8628E1932882612D00019C8E /* Views */,
				8628E1952882613100019C8E /* ViewModels */,
			);
			path = Home;
			sourceTree = "<group>";
		};
		8628E1932882612D00019C8E /* Views */ = {
			isa = PBXGroup;
			children = (
				8616BA552882834700950CB1 /* Cells */,
				8628E14528824CD400019C8E /* HomeViewController.swift */,
			);
			path = Views;
			sourceTree = "<group>";
		};
		8628E1952882613100019C8E /* ViewModels */ = {
			isa = PBXGroup;
			children = (
				8628E1962882613E00019C8E /* HomeViewModel.swift */,
			);
			path = ViewModels;
			sourceTree = "<group>";
		};
		95ED97EAF74261932CCF6B61 /* Frameworks */ = {
			isa = PBXGroup;
			children = (
				A12243F7225F1CEBC654A77E /* Pods_testApp.framework */,
			);
			name = Frameworks;
			sourceTree = "<group>";
		};
/* End PBXGroup section */

/* Begin PBXNativeTarget section */
		8628E13D28824CD300019C8E /* testApp */ = {
			isa = PBXNativeTarget;
			buildConfigurationList = 8628E15228824CD400019C8E /* Build configuration list for PBXNativeTarget "testApp" */;
			buildPhases = (
				C72756735EDAB3E9441E1FA5 /* [CP] Check Pods Manifest.lock */,
				8628E13A28824CD300019C8E /* Sources */,
				8628E13B28824CD300019C8E /* Frameworks */,
				8628E13C28824CD300019C8E /* Resources */,
				84576FB046370D70317726E3 /* [CP] Embed Pods Frameworks */,
			);
			buildRules = (
			);
			dependencies = (
			);
			name = testApp;
			productName = testApp;
			productReference = 8628E13E28824CD400019C8E /* testApp.app */;
			productType = "com.apple.product-type.application";
		};
/* End PBXNativeTarget section */

/* Begin PBXProject section */
		8628E13628824CD300019C8E /* Project object */ = {
			isa = PBXProject;
			attributes = {
				BuildIndependentTargetsInParallel = 1;
				LastSwiftUpdateCheck = 1340;
				LastUpgradeCheck = 1340;
				TargetAttributes = {
					8628E13D28824CD300019C8E = {
						CreatedOnToolsVersion = 13.4.1;
					};
				};
			};
			buildConfigurationList = 8628E13928824CD300019C8E /* Build configuration list for PBXProject "testApp" */;
			compatibilityVersion = "Xcode 13.0";
			developmentRegion = en;
			hasScannedForEncodings = 0;
			knownRegions = (
				en,
				Base,
			);
			mainGroup = 8628E13528824CD300019C8E;
			productRefGroup = 8628E13F28824CD400019C8E /* Products */;
			projectDirPath = "";
			projectRoot = "";
			targets = (
				8628E13D28824CD300019C8E /* testApp */,
			);
		};
/* End PBXProject section */

/* Begin PBXResourcesBuildPhase section */
		8628E13C28824CD300019C8E /* Resources */ = {
			isa = PBXResourcesBuildPhase;
			buildActionMask = 2147483647;
			files = (
				8628E14E28824CD400019C8E /* LaunchScreen.storyboard in Resources */,
				8628E14B28824CD400019C8E /* Assets.xcassets in Resources */,
			);
			runOnlyForDeploymentPostprocessing = 0;
		};
/* End PBXResourcesBuildPhase section */

/* Begin PBXShellScriptBuildPhase section */
		84576FB046370D70317726E3 /* [CP] Embed Pods Frameworks */ = {
			isa = PBXShellScriptBuildPhase;
			buildActionMask = 2147483647;
			files = (
			);
			inputFileListPaths = (
				"${PODS_ROOT}/Target Support Files/Pods-testApp/Pods-testApp-frameworks-${CONFIGURATION}-input-files.xcfilelist",
			);
			name = "[CP] Embed Pods Frameworks";
			outputFileListPaths = (
				"${PODS_ROOT}/Target Support Files/Pods-testApp/Pods-testApp-frameworks-${CONFIGURATION}-output-files.xcfilelist",
			);
			runOnlyForDeploymentPostprocessing = 0;
			shellPath = /bin/sh;
			shellScript = "\"${PODS_ROOT}/Target Support Files/Pods-testApp/Pods-testApp-frameworks.sh\"\n";
			showEnvVarsInLog = 0;
		};
		C72756735EDAB3E9441E1FA5 /* [CP] Check Pods Manifest.lock */ = {
			isa = PBXShellScriptBuildPhase;
			buildActionMask = 2147483647;
			files = (
			);
			inputFileListPaths = (
			);
			inputPaths = (
				"${PODS_PODFILE_DIR_PATH}/Podfile.lock",
				"${PODS_ROOT}/Manifest.lock",
			);
			name = "[CP] Check Pods Manifest.lock";
			outputFileListPaths = (
			);
			outputPaths = (
				"$(DERIVED_FILE_DIR)/Pods-testApp-checkManifestLockResult.txt",
			);
			runOnlyForDeploymentPostprocessing = 0;
			shellPath = /bin/sh;
			shellScript = "diff \"${PODS_PODFILE_DIR_PATH}/Podfile.lock\" \"${PODS_ROOT}/Manifest.lock\" > /dev/null\nif [ $? != 0 ] ; then\n    # print error to STDERR\n    echo \"error: The sandbox is not in sync with the Podfile.lock. Run 'pod install' or update your CocoaPods installation.\" >&2\n    exit 1\nfi\n# This output is used by Xcode 'outputs' to avoid re-running this script phase.\necho \"SUCCESS\" > \"${SCRIPT_OUTPUT_FILE_0}\"\n";
			showEnvVarsInLog = 0;
		};
/* End PBXShellScriptBuildPhase section */

/* Begin PBXSourcesBuildPhase section */
		8628E13A28824CD300019C8E /* Sources */ = {
			isa = PBXSourcesBuildPhase;
			buildActionMask = 2147483647;
			files = (
				8616BA5028826B0800950CB1 /* FavoritesViewModel.swift in Sources */,
				8628E17E28825CEF00019C8E /* Coordinator.swift in Sources */,
				8628E1912882602B00019C8E /* Array+.swift in Sources */,
				869EE71C2883C95A000496BA /* PersistentStorage.swift in Sources */,
				8616BA4E28826B0400950CB1 /* FavoritesViewController.swift in Sources */,
				8616BA49288264A000950CB1 /* AppCoordinator.swift in Sources */,
				8628E14628824CD400019C8E /* HomeViewController.swift in Sources */,
				8616BA6328828A5F00950CB1 /* Item.swift in Sources */,
				8616BA592882847700950CB1 /* GoodsCell.swift in Sources */,
				8628E18F28825FF200019C8E /* UIViewController+.swift in Sources */,
				8628E18928825EEB00019C8E /* GlobalConstant.swift in Sources */,
				8616BA5E2882883800950CB1 /* GoodsAPI.swift in Sources */,
				8628E14228824CD400019C8E /* AppDelegate.swift in Sources */,
				869EE71E2883D3D7000496BA /* FavoriteUseCase.swift in Sources */,
				8612D9892882989E003E0441 /* UIVIew+.swift in Sources */,
				8628E18028825D5800019C8E /* ViewModelType.swift in Sources */,
				8612D9972882BF6D003E0441 /* HomeRepository.swift in Sources */,
				8628E1972882613E00019C8E /* HomeViewModel.swift in Sources */,
				8628E14428824CD400019C8E /* SceneDelegate.swift in Sources */,
				8628E18628825E7500019C8E /* UICollectionView+.swift in Sources */,
				8616BA6128828A2900950CB1 /* Banner.swift in Sources */,
				8616BA65288294F500950CB1 /* BannerCell.swift in Sources */,
				8616BA5228826B5600950CB1 /* HomeCoordinator.swift in Sources */,
				8628E18328825DAA00019C8E /* BaseViewController.swift in Sources */,
				86D9F10F2883F6AD00A6E967 /* CGSIze+.swift in Sources */,
				8612D99C2882C008003E0441 /* HomeUseCase.swift in Sources */,
				8616BA5428826B5D00950CB1 /* FavoritesCoordinator.swift in Sources */,
				8616BA5C2882877500950CB1 /* APIProvider.swift in Sources */,
				8628E18B28825F8400019C8E /* ObservableConvertibleType+.swift in Sources */,
				8616BA572882835500950CB1 /* BannerListCell.swift in Sources */,
				8612D99A2882BFAD003E0441 /* DefaultHomeRepository.swift in Sources */,
				86D9F10D2883F4A100A6E967 /* LocalStorable.swift in Sources */,
			);
			runOnlyForDeploymentPostprocessing = 0;
		};
/* End PBXSourcesBuildPhase section */

/* Begin PBXVariantGroup section */
		8628E14C28824CD400019C8E /* LaunchScreen.storyboard */ = {
			isa = PBXVariantGroup;
			children = (
				8628E14D28824CD400019C8E /* Base */,
			);
			name = LaunchScreen.storyboard;
			sourceTree = "<group>";
		};
/* End PBXVariantGroup section */

/* Begin XCBuildConfiguration section */
		8628E15028824CD400019C8E /* Debug */ = {
			isa = XCBuildConfiguration;
			buildSettings = {
				ALWAYS_SEARCH_USER_PATHS = NO;
				CLANG_ANALYZER_NONNULL = YES;
				CLANG_ANALYZER_NUMBER_OBJECT_CONVERSION = YES_AGGRESSIVE;
				CLANG_CXX_LANGUAGE_STANDARD = "gnu++17";
				CLANG_ENABLE_MODULES = YES;
				CLANG_ENABLE_OBJC_ARC = YES;
				CLANG_ENABLE_OBJC_WEAK = YES;
				CLANG_WARN_BLOCK_CAPTURE_AUTORELEASING = YES;
				CLANG_WARN_BOOL_CONVERSION = YES;
				CLANG_WARN_COMMA = YES;
				CLANG_WARN_CONSTANT_CONVERSION = YES;
				CLANG_WARN_DEPRECATED_OBJC_IMPLEMENTATIONS = YES;
				CLANG_WARN_DIRECT_OBJC_ISA_USAGE = YES_ERROR;
				CLANG_WARN_DOCUMENTATION_COMMENTS = YES;
				CLANG_WARN_EMPTY_BODY = YES;
				CLANG_WARN_ENUM_CONVERSION = YES;
				CLANG_WARN_INFINITE_RECURSION = YES;
				CLANG_WARN_INT_CONVERSION = YES;
				CLANG_WARN_NON_LITERAL_NULL_CONVERSION = YES;
				CLANG_WARN_OBJC_IMPLICIT_RETAIN_SELF = YES;
				CLANG_WARN_OBJC_LITERAL_CONVERSION = YES;
				CLANG_WARN_OBJC_ROOT_CLASS = YES_ERROR;
				CLANG_WARN_QUOTED_INCLUDE_IN_FRAMEWORK_HEADER = YES;
				CLANG_WARN_RANGE_LOOP_ANALYSIS = YES;
				CLANG_WARN_STRICT_PROTOTYPES = YES;
				CLANG_WARN_SUSPICIOUS_MOVE = YES;
				CLANG_WARN_UNGUARDED_AVAILABILITY = YES_AGGRESSIVE;
				CLANG_WARN_UNREACHABLE_CODE = YES;
				CLANG_WARN__DUPLICATE_METHOD_MATCH = YES;
				COPY_PHASE_STRIP = NO;
				DEBUG_INFORMATION_FORMAT = dwarf;
				ENABLE_STRICT_OBJC_MSGSEND = YES;
				ENABLE_TESTABILITY = YES;
				GCC_C_LANGUAGE_STANDARD = gnu11;
				GCC_DYNAMIC_NO_PIC = NO;
				GCC_NO_COMMON_BLOCKS = YES;
				GCC_OPTIMIZATION_LEVEL = 0;
				GCC_PREPROCESSOR_DEFINITIONS = (
					"DEBUG=1",
					"$(inherited)",
				);
				GCC_WARN_64_TO_32_BIT_CONVERSION = YES;
				GCC_WARN_ABOUT_RETURN_TYPE = YES_ERROR;
				GCC_WARN_UNDECLARED_SELECTOR = YES;
				GCC_WARN_UNINITIALIZED_AUTOS = YES_AGGRESSIVE;
				GCC_WARN_UNUSED_FUNCTION = YES;
				GCC_WARN_UNUSED_VARIABLE = YES;
				IPHONEOS_DEPLOYMENT_TARGET = 15.5;
				MTL_ENABLE_DEBUG_INFO = INCLUDE_SOURCE;
				MTL_FAST_MATH = YES;
				ONLY_ACTIVE_ARCH = YES;
				SDKROOT = iphoneos;
				SWIFT_ACTIVE_COMPILATION_CONDITIONS = DEBUG;
				SWIFT_OPTIMIZATION_LEVEL = "-Onone";
			};
			name = Debug;
		};
		8628E15128824CD400019C8E /* Release */ = {
			isa = XCBuildConfiguration;
			buildSettings = {
				ALWAYS_SEARCH_USER_PATHS = NO;
				CLANG_ANALYZER_NONNULL = YES;
				CLANG_ANALYZER_NUMBER_OBJECT_CONVERSION = YES_AGGRESSIVE;
				CLANG_CXX_LANGUAGE_STANDARD = "gnu++17";
				CLANG_ENABLE_MODULES = YES;
				CLANG_ENABLE_OBJC_ARC = YES;
				CLANG_ENABLE_OBJC_WEAK = YES;
				CLANG_WARN_BLOCK_CAPTURE_AUTORELEASING = YES;
				CLANG_WARN_BOOL_CONVERSION = YES;
				CLANG_WARN_COMMA = YES;
				CLANG_WARN_CONSTANT_CONVERSION = YES;
				CLANG_WARN_DEPRECATED_OBJC_IMPLEMENTATIONS = YES;
				CLANG_WARN_DIRECT_OBJC_ISA_USAGE = YES_ERROR;
				CLANG_WARN_DOCUMENTATION_COMMENTS = YES;
				CLANG_WARN_EMPTY_BODY = YES;
				CLANG_WARN_ENUM_CONVERSION = YES;
				CLANG_WARN_INFINITE_RECURSION = YES;
				CLANG_WARN_INT_CONVERSION = YES;
				CLANG_WARN_NON_LITERAL_NULL_CONVERSION = YES;
				CLANG_WARN_OBJC_IMPLICIT_RETAIN_SELF = YES;
				CLANG_WARN_OBJC_LITERAL_CONVERSION = YES;
				CLANG_WARN_OBJC_ROOT_CLASS = YES_ERROR;
				CLANG_WARN_QUOTED_INCLUDE_IN_FRAMEWORK_HEADER = YES;
				CLANG_WARN_RANGE_LOOP_ANALYSIS = YES;
				CLANG_WARN_STRICT_PROTOTYPES = YES;
				CLANG_WARN_SUSPICIOUS_MOVE = YES;
				CLANG_WARN_UNGUARDED_AVAILABILITY = YES_AGGRESSIVE;
				CLANG_WARN_UNREACHABLE_CODE = YES;
				CLANG_WARN__DUPLICATE_METHOD_MATCH = YES;
				COPY_PHASE_STRIP = NO;
				DEBUG_INFORMATION_FORMAT = "dwarf-with-dsym";
				ENABLE_NS_ASSERTIONS = NO;
				ENABLE_STRICT_OBJC_MSGSEND = YES;
				GCC_C_LANGUAGE_STANDARD = gnu11;
				GCC_NO_COMMON_BLOCKS = YES;
				GCC_WARN_64_TO_32_BIT_CONVERSION = YES;
				GCC_WARN_ABOUT_RETURN_TYPE = YES_ERROR;
				GCC_WARN_UNDECLARED_SELECTOR = YES;
				GCC_WARN_UNINITIALIZED_AUTOS = YES_AGGRESSIVE;
				GCC_WARN_UNUSED_FUNCTION = YES;
				GCC_WARN_UNUSED_VARIABLE = YES;
				IPHONEOS_DEPLOYMENT_TARGET = 15.5;
				MTL_ENABLE_DEBUG_INFO = NO;
				MTL_FAST_MATH = YES;
				SDKROOT = iphoneos;
				SWIFT_COMPILATION_MODE = wholemodule;
				SWIFT_OPTIMIZATION_LEVEL = "-O";
				VALIDATE_PRODUCT = YES;
			};
			name = Release;
		};
		8628E15328824CD400019C8E /* Debug */ = {
			isa = XCBuildConfiguration;
			baseConfigurationReference = 5EDA9162DD299FEF54AFAE27 /* Pods-testApp.debug.xcconfig */;
			buildSettings = {
				ASSETCATALOG_COMPILER_APPICON_NAME = AppIcon;
				ASSETCATALOG_COMPILER_GLOBAL_ACCENT_COLOR_NAME = AccentColor;
				CODE_SIGN_STYLE = Automatic;
				CURRENT_PROJECT_VERSION = 1;
				DEVELOPMENT_TEAM = 857J3M5L6B;
				GENERATE_INFOPLIST_FILE = YES;
				INFOPLIST_FILE = testApp/Info.plist;
				INFOPLIST_KEY_UIApplicationSupportsIndirectInputEvents = YES;
				INFOPLIST_KEY_UILaunchStoryboardName = LaunchScreen;
				INFOPLIST_KEY_UISupportedInterfaceOrientations = UIInterfaceOrientationPortrait;
				INFOPLIST_KEY_UISupportedInterfaceOrientations_iPad = "UIInterfaceOrientationPortrait UIInterfaceOrientationPortraitUpsideDown UIInterfaceOrientationLandscapeLeft UIInterfaceOrientationLandscapeRight";
				INFOPLIST_KEY_UISupportedInterfaceOrientations_iPhone = "UIInterfaceOrientationPortrait UIInterfaceOrientationLandscapeLeft UIInterfaceOrientationLandscapeRight";
				INFOPLIST_KEY_UIUserInterfaceStyle = Light;
				IPHONEOS_DEPLOYMENT_TARGET = 13.5;
				LD_RUNPATH_SEARCH_PATHS = (
					"$(inherited)",
					"@executable_path/Frameworks",
				);
				MARKETING_VERSION = 1.0;
				PRODUCT_BUNDLE_IDENTIFIER = com.ian.testApp;
				PRODUCT_NAME = "$(TARGET_NAME)";
				SWIFT_EMIT_LOC_STRINGS = YES;
				SWIFT_VERSION = 5.0;
				TARGETED_DEVICE_FAMILY = 1;
			};
			name = Debug;
		};
		8628E15428824CD400019C8E /* Release */ = {
			isa = XCBuildConfiguration;
			baseConfigurationReference = 92F89495CE79BAB22E09696D /* Pods-testApp.release.xcconfig */;
			buildSettings = {
				ASSETCATALOG_COMPILER_APPICON_NAME = AppIcon;
				ASSETCATALOG_COMPILER_GLOBAL_ACCENT_COLOR_NAME = AccentColor;
				CODE_SIGN_STYLE = Automatic;
				CURRENT_PROJECT_VERSION = 1;
				DEVELOPMENT_TEAM = 857J3M5L6B;
				GENERATE_INFOPLIST_FILE = YES;
				INFOPLIST_FILE = testApp/Info.plist;
				INFOPLIST_KEY_UIApplicationSupportsIndirectInputEvents = YES;
				INFOPLIST_KEY_UILaunchStoryboardName = LaunchScreen;
				INFOPLIST_KEY_UISupportedInterfaceOrientations = UIInterfaceOrientationPortrait;
				INFOPLIST_KEY_UISupportedInterfaceOrientations_iPad = "UIInterfaceOrientationPortrait UIInterfaceOrientationPortraitUpsideDown UIInterfaceOrientationLandscapeLeft UIInterfaceOrientationLandscapeRight";
				INFOPLIST_KEY_UISupportedInterfaceOrientations_iPhone = "UIInterfaceOrientationPortrait UIInterfaceOrientationLandscapeLeft UIInterfaceOrientationLandscapeRight";
				INFOPLIST_KEY_UIUserInterfaceStyle = Light;
				IPHONEOS_DEPLOYMENT_TARGET = 13.5;
				LD_RUNPATH_SEARCH_PATHS = (
					"$(inherited)",
					"@executable_path/Frameworks",
				);
				MARKETING_VERSION = 1.0;
				PRODUCT_BUNDLE_IDENTIFIER = com.ian.testApp;
				PRODUCT_NAME = "$(TARGET_NAME)";
				SWIFT_EMIT_LOC_STRINGS = YES;
				SWIFT_VERSION = 5.0;
				TARGETED_DEVICE_FAMILY = 1;
			};
			name = Release;
		};
/* End XCBuildConfiguration section */

/* Begin XCConfigurationList section */
		8628E13928824CD300019C8E /* Build configuration list for PBXProject "testApp" */ = {
			isa = XCConfigurationList;
			buildConfigurations = (
				8628E15028824CD400019C8E /* Debug */,
				8628E15128824CD400019C8E /* Release */,
			);
			defaultConfigurationIsVisible = 0;
			defaultConfigurationName = Release;
		};
		8628E15228824CD400019C8E /* Build configuration list for PBXNativeTarget "testApp" */ = {
			isa = XCConfigurationList;
			buildConfigurations = (
				8628E15328824CD400019C8E /* Debug */,
				8628E15428824CD400019C8E /* Release */,
			);
			defaultConfigurationIsVisible = 0;
			defaultConfigurationName = Release;
		};
/* End XCConfigurationList section */
	};
	rootObject = 8628E13628824CD300019C8E /* Project object */;
}
